# THIS IS AN AUTOGENERATED FILE. DO NOT EDIT THIS FILE DIRECTLY.
# yarn lockfile v1


"@glimmer/encoder@^0.44.0":
  version "0.44.0"
  resolved "https://registry.yarnpkg.com/@glimmer/encoder/-/encoder-0.44.0.tgz#b612683aad3dcf90540b81030f1e5b79bbc9f9d7"
  integrity sha512-6/P4Ya2/2EYfa6ukNFTHdcxbdwI60dgEtUBCrFIlF4Dmqg6OiRBx65SeFhmZiWhHCvvHaDUjc8TTt7GeXeQEYw==
  dependencies:
    "@glimmer/interfaces" "^0.44.0"
    "@glimmer/vm" "^0.44.0"

"@glimmer/interfaces@^0.44.0":
  version "0.44.0"
  resolved "https://registry.yarnpkg.com/@glimmer/interfaces/-/interfaces-0.44.0.tgz#0896204815f05fd8907b5703cbaee9d1b9edf5d3"
  integrity sha512-O1VBrB1uhWh/XpBRaMbT5zncZiJJNTAqe0rnhRr4JicrlmNoIC4/5ADRgDORj5oBxuENjuZ+6UTul3WCOHETiw==

"@glimmer/opcode-compiler@^0.44.0":
  version "0.44.0"
  resolved "https://registry.yarnpkg.com/@glimmer/opcode-compiler/-/opcode-compiler-0.44.0.tgz#7c27408827e1367e17f1f0f63a1d8c0b8df129a0"
  integrity sha512-tLwHcEI9EIgEHOS2fGu3ke8FrA5MtQuTZPfrRL4Q29ofssKMJTN8IcPgpVVVEMozTX4Yoqutipv5VwM9FFul1g==
  dependencies:
    "@glimmer/encoder" "^0.44.0"
    "@glimmer/interfaces" "^0.44.0"
    "@glimmer/program" "^0.44.0"
    "@glimmer/reference" "^0.44.0"
    "@glimmer/util" "^0.44.0"
    "@glimmer/vm" "^0.44.0"
    "@glimmer/wire-format" "^0.44.0"

"@glimmer/program@^0.44.0":
  version "0.44.0"
  resolved "https://registry.yarnpkg.com/@glimmer/program/-/program-0.44.0.tgz#93e7feebac2e43f60af21a815e4d0c5bc5d4c9c1"
  integrity sha512-y1EKDBb+/bxhufEygGmbtv2UX0BMPkCXJZ/cEqykYMjRpL1CvmB+TEks87QflGNGJ0vAMw/Li2ihi303r6p9XA==
  dependencies:
    "@glimmer/encoder" "^0.44.0"
    "@glimmer/interfaces" "^0.44.0"
    "@glimmer/util" "^0.44.0"

"@glimmer/reference@^0.44.0":
  version "0.44.0"
  resolved "https://registry.yarnpkg.com/@glimmer/reference/-/reference-0.44.0.tgz#5478f993e5c3d75bf63951c1a35caa63a9758dac"
  integrity sha512-rNK2WhP656EfjCZCK7sh7gdYD+uXK5OF4JAQXmJLmYGLMpYsTII3qXGalQqqsdN7MH0PvdGRgPQOirg+nm1i8Q==
  dependencies:
    "@glimmer/util" "^0.44.0"
    "@glimmer/validator" "^0.44.0"

"@glimmer/syntax@^0.44.0":
  version "0.44.0"
  resolved "https://registry.yarnpkg.com/@glimmer/syntax/-/syntax-0.44.0.tgz#66a4d0a5047becb210259e7678b6efa9c14dbc6f"
  integrity sha512-B/kLng2z9Cf/7jbfY7p50Q/3ouUouVT5jBgGVVTJJHvtCbrNszdMj3XY0v3hLxB83TASXf1dwJh3CNni82JnOQ==
  dependencies:
    "@glimmer/interfaces" "^0.44.0"
    "@glimmer/util" "^0.44.0"
    handlebars "^4.5.1"
    simple-html-tokenizer "^0.5.8"

"@glimmer/util@^0.44.0":
  version "0.44.0"
  resolved "https://registry.yarnpkg.com/@glimmer/util/-/util-0.44.0.tgz#45df98d73812440206ae7bda87cfe04aaae21ed9"
  integrity sha512-duAsm30uVK9jSysElCbLyU6QQYO2X9iLDLBIBUcCqck9qN1o3tK2qWiHbGK5d6g8E2AJ4H88UrfElkyaJlGrwg==

"@glimmer/validator@^0.44.0":
  version "0.44.0"
  resolved "https://registry.yarnpkg.com/@glimmer/validator/-/validator-0.44.0.tgz#03d127097dc9cb23052cdb7fcae59d0a9dca53e1"
  integrity sha512-i01plR0EgFVz69GDrEuFgq1NheIjZcyTy3c7q+w7d096ddPVeVcRzU3LKaqCfovvLJ+6lJx40j45ecycASUUyw==

"@glimmer/vm@^0.44.0":
  version "0.44.0"
  resolved "https://registry.yarnpkg.com/@glimmer/vm/-/vm-0.44.0.tgz#19c67a073a2e74aa05228734c6ac9c5987f3d75c"
  integrity sha512-dko48uNQi6s1jSMn79h6lhcCBz8coBxXzdi//TpMFAboTEtRuyxQ2FEfIFACyamGQ7tmPKcrSzrT6zTj5eJUJA==
  dependencies:
    "@glimmer/interfaces" "^0.44.0"
    "@glimmer/util" "^0.44.0"

"@glimmer/wire-format@^0.44.0":
  version "0.44.0"
  resolved "https://registry.yarnpkg.com/@glimmer/wire-format/-/wire-format-0.44.0.tgz#0970152d900bdadb6520eb9c183a76f50a0015de"
  integrity sha512-tBTMaVKNMwddn2ffIcaZuYPMDfiRf6TF77oU4MEdF8y6E7XJJ5UcYrRUchYFizoE1V60f+Udh7zxZyjyDjW2/Q==
  dependencies:
    "@glimmer/interfaces" "^0.44.0"
    "@glimmer/util" "^0.44.0"

"@simple-dom/interface@^1.4.0":
  version "1.4.0"
  resolved "https://registry.yarnpkg.com/@simple-dom/interface/-/interface-1.4.0.tgz#e8feea579232017f89b0138e2726facda6fbb71f"
  integrity sha512-l5qumKFWU0S+4ZzMaLXFU8tQZsicHEMEyAxI5kDFGhJsRqDwe0a7/iPA/GdxlGyDKseQQAgIz5kzU7eXTrlSpA==

"@types/minimatch@^3.0.3":
  version "3.0.3"
  resolved "https://registry.yarnpkg.com/@types/minimatch/-/minimatch-3.0.3.tgz#3dca0e3f33b200fc7d1139c0cd96c1268cadfd9d"
  integrity sha512-tHq6qdbT9U1IRSGf14CL0pUlULksvY9OZ+5eEgl1N7t+OA3tGvNpxJCzuKQlsNgCVwbAs670L1vcVQi8j9HjnA==

argparse@^1.0.7:
  version "1.0.10"
  resolved "https://registry.yarnpkg.com/argparse/-/argparse-1.0.10.tgz#bcd6791ea5ae09725e17e5ad988134cd40b3d911"
  integrity sha512-o5Roy6tNG4SL/FOkCAN6RzjiakZS25RLYFrcMttJqbdd8BWrnA+fGz57iN5Pb06pvBGvl5gQ0B48dJlslXvoTg==
  dependencies:
    sprintf-js "~1.0.2"

aria-query@^3.0.0:
  version "3.0.0"
  resolved "https://registry.yarnpkg.com/aria-query/-/aria-query-3.0.0.tgz#65b3fcc1ca1155a8c9ae64d6eee297f15d5133cc"
  integrity sha1-ZbP8wcoRVajJrmTW7uKX8V1RM8w=
  dependencies:
    ast-types-flow "0.0.7"
    commander "^2.11.0"

ast-types-flow@0.0.7:
  version "0.0.7"
  resolved "https://registry.yarnpkg.com/ast-types-flow/-/ast-types-flow-0.0.7.tgz#f70b735c6bca1a5c9c22d982c3e39e7feba3bdad"
  integrity sha1-9wtzXGvKGlycItmCw+Oef+ujva0=

balanced-match@^1.0.0:
  version "1.0.0"
  resolved "https://registry.yarnpkg.com/balanced-match/-/balanced-match-1.0.0.tgz#89b4d199ab2bee49de164ea02b89ce462d71b767"
  integrity sha1-ibTRmasr7kneFk6gK4nORi1xt2c=

brace-expansion@^1.1.7:
  version "1.1.11"
  resolved "https://registry.yarnpkg.com/brace-expansion/-/brace-expansion-1.1.11.tgz#3c7fcbf529d87226f3d2f52b966ff5271eb441dd"
  integrity sha512-iCuPHDFgrHX7H2vEI/5xpz07zSHB00TpugqhmYtVmMO6518mCuRMoOYFldEBl0g187ufozdaHgWKcYFb61qGiA==
  dependencies:
    balanced-match "^1.0.0"
    concat-map "0.0.1"

camelcase@^5.3.1:
  version "5.3.1"
  resolved "https://registry.yarnpkg.com/camelcase/-/camelcase-5.3.1.tgz#e3c9b31569e106811df242f715725a1f4c494320"
  integrity sha512-L28STB170nwWS63UjtlEOE3dldQApaJXZkOI1uMFfzf3rRuPegHaHesyee+YxQ+W6SvRDQV6UrdOdRiR153wJg==

commander@^2.11.0, commander@~2.20.3:
  version "2.20.3"
  resolved "https://registry.yarnpkg.com/commander/-/commander-2.20.3.tgz#fd485e84c03eb4881c20722ba48035e8531aeb33"
  integrity sha512-GpVkmM8vF2vQUkj2LvZmD35JxeJOLCwJ9cUkugyk2nuhbv3+mJvpLYYt+0+USMxE+oj+ey/lJEnhZw75x/OMcQ==

concat-map@0.0.1:
  version "0.0.1"
  resolved "https://registry.yarnpkg.com/concat-map/-/concat-map-0.0.1.tgz#d8a96bd77fd68df7793a73036a3ba0d5405d477b"
  integrity sha1-2Klr13/Wjfd5OnMDajug1UBdR3s=

els-a11y-addon@^1.0.4:
  version "1.0.4"
  resolved "https://registry.yarnpkg.com/els-a11y-addon/-/els-a11y-addon-1.0.4.tgz#90f37c2576674d84e15df5cd716e24e2a281696c"
  integrity sha512-Jrt4pC+DLafTJy9WUfs+FvDa2e/QHvFTc+VjZWWLxcZFieRRhHvQIYO6eUbkg1ohKE1YIwRUmfcNi3Q2iaQRWw==
  dependencies:
    aria-query "^3.0.0"

els-addon-typed-templates@^2.2.18:
  version "2.2.18"
  resolved "https://registry.yarnpkg.com/els-addon-typed-templates/-/els-addon-typed-templates-2.2.18.tgz#1b135705868e14a76cbcf1c8b35e7581802af97b"
  integrity sha512-IcaRWPWhr74NqcBmTavSC0ca5ta0U5EJi2vZ3HzdGDttSMBl/0bPmQoE3k2Jkc6S5QpIrUcH1Oefbqg2UoNyHg==
  dependencies:
    "@glimmer/interfaces" "^0.44.0"
    "@glimmer/opcode-compiler" "^0.44.0"
    "@glimmer/syntax" "^0.44.0"
    "@simple-dom/interface" "^1.4.0"
    camelcase "^5.3.1"
    lodash "^4.17.15"
    typescript "^3.7.3"
    vscode-languageserver "^5.2.1"
    vscode-uri "^2.1.1"
    walk-sync "^2.0.2"

els-intl-addon@^1.0.2:
  version "1.0.2"
  resolved "https://registry.yarnpkg.com/els-intl-addon/-/els-intl-addon-1.0.2.tgz#05596ae78a0099f9624fbc0486848de78b67661d"
  integrity sha512-Vm31iuhnYKAZjMjk9i6t3/RaWTqWMZiX7XVo3ofppX+EqdGd79SOmbM/gYsW9RAh/0IGi4wNDlLI0K4HAVv2+Q==
  dependencies:
    flat "^5.0.0"
    js-yaml "^3.13.1"

ensure-posix-path@^1.1.0:
  version "1.1.1"
  resolved "https://registry.yarnpkg.com/ensure-posix-path/-/ensure-posix-path-1.1.1.tgz#3c62bdb19fa4681544289edb2b382adc029179ce"
  integrity sha512-VWU0/zXzVbeJNXvME/5EmLuEj2TauvoaTz6aFYK1Z92JCBlDlZ3Gu0tuGR42kpW1754ywTs+QB0g5TP0oj9Zaw==

esprima@^4.0.0:
  version "4.0.1"
  resolved "https://registry.yarnpkg.com/esprima/-/esprima-4.0.1.tgz#13b04cdb3e6c5d19df91ab6987a8695619b0aa71"
  integrity sha512-eGuFFw7Upda+g4p+QHvnW0RyTX/SVeJBDM/gCtMARO0cLuT2HcEKnTPvhjV6aGeqrCB/sbNop0Kszm0jsaWU4A==

flat@^5.0.0:
  version "5.0.0"
  resolved "https://registry.yarnpkg.com/flat/-/flat-5.0.0.tgz#dab7d71d60413becb0ac2de9bf4304495e3af6af"
  integrity sha512-6KSMM+cHHzXC/hpldXApL2S8Uz+QZv+tq5o/L0KQYleoG+GcwrnIJhTWC7tCOiKQp8D/fIvryINU1OZCCwevjA==
  dependencies:
    is-buffer "~2.0.4"

handlebars@^4.5.1:
  version "4.7.6"
  resolved "https://registry.yarnpkg.com/handlebars/-/handlebars-4.7.6.tgz#d4c05c1baf90e9945f77aa68a7a219aa4a7df74e"
  integrity sha512-1f2BACcBfiwAfStCKZNrUCgqNZkGsAT7UM3kkYtXuLo0KnaVfjKOyf7PRzB6++aK9STyT1Pd2ZCPe3EGOXleXA==
  dependencies:
    minimist "^1.2.5"
    neo-async "^2.6.0"
    source-map "^0.6.1"
    wordwrap "^1.0.0"
  optionalDependencies:
    uglify-js "^3.1.4"

is-buffer@~2.0.4:
  version "2.0.4"
  resolved "https://registry.yarnpkg.com/is-buffer/-/is-buffer-2.0.4.tgz#3e572f23c8411a5cfd9557c849e3665e0b290623"
  integrity sha512-Kq1rokWXOPXWuaMAqZiJW4XxsmD9zGx9q4aePabbn3qCRGedtH7Cm+zV8WETitMfu1wdh+Rvd6w5egwSngUX2A==

js-yaml@^3.13.1:
  version "3.13.1"
  resolved "https://registry.yarnpkg.com/js-yaml/-/js-yaml-3.13.1.tgz#aff151b30bfdfa8e49e05da22e7415e9dfa37847"
  integrity sha512-YfbcO7jXDdyj0DGxYVSlSeQNHbD7XPWvrVWeVUujrQEoZzWJIRrCPoyk6kL6IAjAG2IolMK4T0hNUe0HOUs5Jw==
  dependencies:
    argparse "^1.0.7"
    esprima "^4.0.0"

lodash@^4.17.15:
  version "4.17.15"
  resolved "https://registry.yarnpkg.com/lodash/-/lodash-4.17.15.tgz#b447f6670a0455bbfeedd11392eff330ea097548"
  integrity sha512-8xOcRHvCjnocdS5cpwXQXVzmmh5e5+saE2QGoeQmbKmRS6J3VQppPOIt0MnmE+4xlZoumy0GPG0D0MVIQbNA1A==

matcher-collection@^2.0.0:
  version "2.0.1"
  resolved "https://registry.yarnpkg.com/matcher-collection/-/matcher-collection-2.0.1.tgz#90be1a4cf58d6f2949864f65bb3b0f3e41303b29"
  integrity sha512-daE62nS2ZQsDg9raM0IlZzLmI2u+7ZapXBwdoeBUKAYERPDDIc0qNqA8E0Rp2D+gspKR7BgIFP52GeujaGXWeQ==
  dependencies:
    "@types/minimatch" "^3.0.3"
    minimatch "^3.0.2"

minimatch@^3.0.2:
  version "3.0.4"
  resolved "https://registry.yarnpkg.com/minimatch/-/minimatch-3.0.4.tgz#5166e286457f03306064be5497e8dbb0c3d32083"
  integrity sha512-yJHVQEhyqPLUTgt9B83PXu6W3rx4MvvHvSUvToogpwoGDOUQ+yDrR0HRot+yOCdCO7u4hX3pWft6kWBBcqh0UA==
  dependencies:
    brace-expansion "^1.1.7"

minimist@^1.2.5:
  version "1.2.5"
  resolved "https://registry.yarnpkg.com/minimist/-/minimist-1.2.5.tgz#67d66014b66a6a8aaa0c083c5fd58df4e4e97602"
  integrity sha512-FM9nNUYrRBAELZQT3xeZQ7fmMOBg6nWNmJKTcgsJeaLstP/UODVpGsr5OhXhhXg6f+qtJ8uiZ+PUxkDWcgIXLw==

neo-async@^2.6.0:
  version "2.6.1"
  resolved "https://registry.yarnpkg.com/neo-async/-/neo-async-2.6.1.tgz#ac27ada66167fa8849a6addd837f6b189ad2081c"
  integrity sha512-iyam8fBuCUpWeKPGpaNMetEocMt364qkCsfL9JuhjXX6dRnguRVOfk2GZaDpPjcOKiiXCPINZC1GczQ7iTq3Zw==

simple-html-tokenizer@^0.5.8:
  version "0.5.9"
  resolved "https://registry.yarnpkg.com/simple-html-tokenizer/-/simple-html-tokenizer-0.5.9.tgz#1a83fe97f5a3e39b335fddf71cfe9b0263b581c2"
  integrity sha512-w/3FEDN94r4JQ9WoYrIr8RqDIPZdyNkdpbK9glFady1CAEyD97XWCv8HFetQO21w81e7h7Nh59iYTyG1mUJftg==

source-map@^0.6.1:
  version "0.6.1"
  resolved "https://registry.yarnpkg.com/source-map/-/source-map-0.6.1.tgz#74722af32e9614e9c287a8d0bbde48b5e2f1a263"
  integrity sha512-UjgapumWlbMhkBgzT7Ykc5YXUT46F0iKu8SGXq0bcwP5dz/h0Plj6enJqjz1Zbq2l5WaqYnrVbwWOWMyF3F47g==

sprintf-js@~1.0.2:
  version "1.0.3"
  resolved "https://registry.yarnpkg.com/sprintf-js/-/sprintf-js-1.0.3.tgz#04e6926f662895354f3dd015203633b857297e2c"
  integrity sha1-BOaSb2YolTVPPdAVIDYzuFcpfiw=

typescript@^3.7.3:
  version "3.9.2"
  resolved "https://registry.yarnpkg.com/typescript/-/typescript-3.9.2.tgz#64e9c8e9be6ea583c54607677dd4680a1cf35db9"
  integrity sha512-q2ktq4n/uLuNNShyayit+DTobV2ApPEo/6so68JaD5ojvc/6GClBipedB9zNWYxRSAlZXAe405Rlijzl6qDiSw==

uglify-js@^3.1.4:
  version "3.9.3"
  resolved "https://registry.yarnpkg.com/uglify-js/-/uglify-js-3.9.3.tgz#4a285d1658b8a2ebaef9e51366b3a0f7acd79ec2"
  integrity sha512-r5ImcL6QyzQGVimQoov3aL2ZScywrOgBXGndbWrdehKoSvGe/RmiE5Jpw/v+GvxODt6l2tpBXwA7n+qZVlHBMA==
  dependencies:
    commander "~2.20.3"

vscode-jsonrpc@^4.0.0:
  version "4.0.0"
  resolved "https://registry.yarnpkg.com/vscode-jsonrpc/-/vscode-jsonrpc-4.0.0.tgz#a7bf74ef3254d0a0c272fab15c82128e378b3be9"
  integrity sha512-perEnXQdQOJMTDFNv+UF3h1Y0z4iSiaN9jIlb0OqIYgosPCZGYh/MCUlkFtV2668PL69lRDO32hmvL2yiidUYg==

vscode-languageserver-protocol@3.14.1:
  version "3.14.1"
  resolved "https://registry.yarnpkg.com/vscode-languageserver-protocol/-/vscode-languageserver-protocol-3.14.1.tgz#b8aab6afae2849c84a8983d39a1cf742417afe2f"
  integrity sha512-IL66BLb2g20uIKog5Y2dQ0IiigW0XKrvmWiOvc0yXw80z3tMEzEnHjaGAb3ENuU7MnQqgnYJ1Cl2l9RvNgDi4g==
  dependencies:
    vscode-jsonrpc "^4.0.0"
    vscode-languageserver-types "3.14.0"

vscode-languageserver-types@3.14.0:
  version "3.14.0"
  resolved "https://registry.yarnpkg.com/vscode-languageserver-types/-/vscode-languageserver-types-3.14.0.tgz#d3b5952246d30e5241592b6dde8280e03942e743"
  integrity sha512-lTmS6AlAlMHOvPQemVwo3CezxBp0sNB95KNPkqp3Nxd5VFEnuG1ByM0zlRWos0zjO3ZWtkvhal0COgiV1xIA4A==

vscode-languageserver@^5.2.1:
  version "5.2.1"
  resolved "https://registry.yarnpkg.com/vscode-languageserver/-/vscode-languageserver-5.2.1.tgz#0d2feddd33f92aadf5da32450df498d52f6f14eb"
  integrity sha512-GuayqdKZqAwwaCUjDvMTAVRPJOp/SLON3mJ07eGsx/Iq9HjRymhKWztX41rISqDKhHVVyFM+IywICyZDla6U3A==
  dependencies:
    vscode-languageserver-protocol "3.14.1"
    vscode-uri "^1.0.6"

vscode-uri@^1.0.6:
  version "1.0.8"
  resolved "https://registry.yarnpkg.com/vscode-uri/-/vscode-uri-1.0.8.tgz#9769aaececae4026fb6e22359cb38946580ded59"
  integrity sha512-obtSWTlbJ+a+TFRYGaUumtVwb+InIUVI0Lu0VBUAPmj2cU5JutEXg3xUE0c2J5Tcy7h2DEKVJBFi+Y9ZSFzzPQ==

vscode-uri@^2.1.1:
  version "2.1.1"
  resolved "https://registry.yarnpkg.com/vscode-uri/-/vscode-uri-2.1.1.tgz#5aa1803391b6ebdd17d047f51365cf62c38f6e90"
  integrity sha512-eY9jmGoEnVf8VE8xr5znSah7Qt1P/xsCdErz+g8HYZtJ7bZqKH5E3d+6oVNm1AC/c6IHUDokbmVXKOi4qPAC9A==

walk-sync@^2.0.2:
  version "2.1.0"
  resolved "https://registry.yarnpkg.com/walk-sync/-/walk-sync-2.1.0.tgz#e214248e5f5cf497ddd87db5a2a02e47e29c6501"
  integrity sha512-KpH9Xw64LNSx7/UI+3guRZvJWlDxVA4+KKb/4puRoVrG8GkvZRxnF3vhxdjgpoKJGL2TVg1OrtkXIE/VuGPLHQ==
  dependencies:
    "@types/minimatch" "^3.0.3"
    ensure-posix-path "^1.1.0"
    matcher-collection "^2.0.0"

wordwrap@^1.0.0:
  version "1.0.0"
  resolved "https://registry.yarnpkg.com/wordwrap/-/wordwrap-1.0.0.tgz#27584810891456a4171c8d0226441ade90cbcaeb"
  integrity sha1-J1hIEIkUVqQXHI0CJkQa3pDLyus=
